
Microsoft Visual Studio Solution File, Format Version 12.00
# Visual Studio Version 16
VisualStudioVersion = 16.0.30413.136
MinimumVisualStudioVersion = 10.0.40219.1
Project("{2150E333-8FDC-42A3-9474-1A3956D46DE8}") = "src", "src", "{BD3EB596-4251-4D89-85E9-22933AB5F95C}"
EndProject
Project("{2150E333-8FDC-42A3-9474-1A3956D46DE8}") = "book.store", "book.store", "{2665C08C-1CEA-4628-9067-DE130B8D3B8A}"
EndProject
Project("{9A19103F-16F7-4668-BE54-9A1E7A4F7556}") = "book.store.api", "src\book.store.api\book.store.api.csproj", "{6A9B4F94-36BE-4233-87E0-2FAF0CA983DA}"
EndProject
Project("{E53339B2-1760-4266-BCC7-CA923CBCF16C}") = "docker-compose", "docker-compose.dcproj", "{F479F593-C6F4-4B80-A6AD-6A2938442254}"
EndProject
Project("{2150E333-8FDC-42A3-9474-1A3956D46DE8}") = "user.management", "user.management", "{D3D683B0-DB7A-40F4-B21F-3FD77B6AEC18}"
EndProject
Project("{FAE04EC0-301F-11D3-BF4B-00C04F79EFBC}") = "user.management.ui", "src\user.management\user.management.ui\user.management.ui.csproj", "{2FFC0A65-9A4B-4F51-8D1A-C872DF824CB6}"
EndProject
Global
	GlobalSection(SolutionConfigurationPlatforms) = preSolution
		Debug|Any CPU = Debug|Any CPU
		Release|Any CPU = Release|Any CPU
	EndGlobalSection
	GlobalSection(ProjectConfigurationPlatforms) = postSolution
		{6A9B4F94-36BE-4233-87E0-2FAF0CA983DA}.Debug|Any CPU.ActiveCfg = Debug|Any CPU
		{6A9B4F94-36BE-4233-87E0-2FAF0CA983DA}.Debug|Any CPU.Build.0 = Debug|Any CPU
		{6A9B4F94-36BE-4233-87E0-2FAF0CA983DA}.Release|Any CPU.ActiveCfg = Release|Any CPU
		{6A9B4F94-36BE-4233-87E0-2FAF0CA983DA}.Release|Any CPU.Build.0 = Release|Any CPU
		{F479F593-C6F4-4B80-A6AD-6A2938442254}.Debug|Any CPU.ActiveCfg = Debug|Any CPU
		{F479F593-C6F4-4B80-A6AD-6A2938442254}.Debug|Any CPU.Build.0 = Debug|Any CPU
		{F479F593-C6F4-4B80-A6AD-6A2938442254}.Release|Any CPU.ActiveCfg = Release|Any CPU
		{F479F593-C6F4-4B80-A6AD-6A2938442254}.Release|Any CPU.Build.0 = Release|Any CPU
		{2FFC0A65-9A4B-4F51-8D1A-C872DF824CB6}.Debug|Any CPU.ActiveCfg = Debug|Any CPU
		{2FFC0A65-9A4B-4F51-8D1A-C872DF824CB6}.Debug|Any CPU.Build.0 = Debug|Any CPU
		{2FFC0A65-9A4B-4F51-8D1A-C872DF824CB6}.Release|Any CPU.ActiveCfg = Release|Any CPU
		{2FFC0A65-9A4B-4F51-8D1A-C872DF824CB6}.Release|Any CPU.Build.0 = Release|Any CPU
	EndGlobalSection
	GlobalSection(SolutionProperties) = preSolution
		HideSolutionNode = FALSE
	EndGlobalSection
	GlobalSection(NestedProjects) = preSolution
		{2665C08C-1CEA-4628-9067-DE130B8D3B8A} = {BD3EB596-4251-4D89-85E9-22933AB5F95C}
		{6A9B4F94-36BE-4233-87E0-2FAF0CA983DA} = {2665C08C-1CEA-4628-9067-DE130B8D3B8A}
		{D3D683B0-DB7A-40F4-B21F-3FD77B6AEC18} = {BD3EB596-4251-4D89-85E9-22933AB5F95C}
		{2FFC0A65-9A4B-4F51-8D1A-C872DF824CB6} = {D3D683B0-DB7A-40F4-B21F-3FD77B6AEC18}
	EndGlobalSection
	GlobalSection(ExtensibilityGlobals) = postSolution
		SolutionGuid = {35C5CAC2-67E5-4E06-ADF7-8F3D60B4FED5}
	EndGlobalSection
EndGlobal
